
Microsoft Visual Studio Solution File, Format Version 12.00
Project("{FAE04EC0-301F-11D3-BF4B-00C04F79EFBC}") = "Assignment3Task1", "Assignment3Task1\Assignment3Task1.csproj", "{B9F01563-3ECA-4C67-BD53-1344B8EA7DC8}"
EndProject
Project("{FAE04EC0-301F-11D3-BF4B-00C04F79EFBC}") = "Assignment3Task2", "Assignment3Task2\Assignment3Task2.csproj", "{84235A2A-9E48-4D9E-8659-3E80DEE70BEA}"
EndProject
Project("{FAE04EC0-301F-11D3-BF4B-00C04F79EFBC}") = "Assignment3Task2_Tests", "Assignment3Task2_Tests\Assignment3Task2_Tests.csproj", "{962C9D73-EBF1-4F3C-ADCA-845D142C2A3B}"
EndProject
Global
	GlobalSection(SolutionConfigurationPlatforms) = preSolution
		Debug|Any CPU = Debug|Any CPU
		Release|Any CPU = Release|Any CPU
	EndGlobalSection
	GlobalSection(ProjectConfigurationPlatforms) = postSolution
		{B9F01563-3ECA-4C67-BD53-1344B8EA7DC8}.Debug|Any CPU.ActiveCfg = Debug|Any CPU
		{B9F01563-3ECA-4C67-BD53-1344B8EA7DC8}.Debug|Any CPU.Build.0 = Debug|Any CPU
		{B9F01563-3ECA-4C67-BD53-1344B8EA7DC8}.Release|Any CPU.ActiveCfg = Release|Any CPU
		{B9F01563-3ECA-4C67-BD53-1344B8EA7DC8}.Release|Any CPU.Build.0 = Release|Any CPU
		{84235A2A-9E48-4D9E-8659-3E80DEE70BEA}.Debug|Any CPU.ActiveCfg = Debug|Any CPU
		{84235A2A-9E48-4D9E-8659-3E80DEE70BEA}.Debug|Any CPU.Build.0 = Debug|Any CPU
		{84235A2A-9E48-4D9E-8659-3E80DEE70BEA}.Release|Any CPU.ActiveCfg = Release|Any CPU
		{84235A2A-9E48-4D9E-8659-3E80DEE70BEA}.Release|Any CPU.Build.0 = Release|Any CPU
		{962C9D73-EBF1-4F3C-ADCA-845D142C2A3B}.Debug|Any CPU.ActiveCfg = Debug|Any CPU
		{962C9D73-EBF1-4F3C-ADCA-845D142C2A3B}.Debug|Any CPU.Build.0 = Debug|Any CPU
		{962C9D73-EBF1-4F3C-ADCA-845D142C2A3B}.Release|Any CPU.ActiveCfg = Release|Any CPU
		{962C9D73-EBF1-4F3C-ADCA-845D142C2A3B}.Release|Any CPU.Build.0 = Release|Any CPU
	EndGlobalSection
EndGlobal
